
Microsoft Visual Studio Solution File, Format Version 12.00
# Visual Studio Version 16
VisualStudioVersion = 16.0.29230.47
MinimumVisualStudioVersion = 10.0.40219.1
Project("{8BC9CEB8-8B4A-11D0-8D11-00A0C91BC942}") = "APlusB", "APlusB.vcxproj", "{58D5B21A-0BA9-46C6-8092-86C222800553}"
EndProject
Global
	GlobalSection(SolutionConfigurationPlatforms) = preSolution
		Debug|x64 = Debug|x64
		Debug|x86 = Debug|x86
		Release|x64 = Release|x64
		Release|x86 = Release|x86
	EndGlobalSection
	GlobalSection(ProjectConfigurationPlatforms) = postSolution
		{58D5B21A-0BA9-46C6-8092-86C222800553}.Debug|x64.ActiveCfg = Debug|x64
		{58D5B21A-0BA9-46C6-8092-86C222800553}.Debug|x64.Build.0 = Debug|x64
		{58D5B21A-0BA9-46C6-8092-86C222800553}.Debug|x86.ActiveCfg = Debug|Win32
		{58D5B21A-0BA9-46C6-8092-86C222800553}.Debug|x86.Build.0 = Debug|Win32
		{58D5B21A-0BA9-46C6-8092-86C222800553}.Release|x64.ActiveCfg = Release|x64
		{58D5B21A-0BA9-46C6-8092-86C222800553}.Release|x64.Build.0 = Release|x64
		{58D5B21A-0BA9-46C6-8092-86C222800553}.Release|x86.ActiveCfg = Release|Win32
		{58D5B21A-0BA9-46C6-8092-86C222800553}.Release|x86.Build.0 = Release|Win32
	EndGlobalSection
	GlobalSection(SolutionProperties) = preSolution
		HideSolutionNode = FALSE
	EndGlobalSection
	GlobalSection(ExtensibilityGlobals) = postSolution
		SolutionGuid = {9FC98D35-DC07-4EB2-82FE-F07C1FED3873}
	EndGlobalSection
EndGlobal
